
Microsoft Visual Studio Solution File, Format Version 12.00
# Visual Studio Version 17
VisualStudioVersion = 17.14.36603.0 d17.14
MinimumVisualStudioVersion = 10.0.40219.1
Project("{FAE04EC0-301F-11D3-BF4B-00C04F79EFBC}") = "FinalFP8", "FinalFP8.csproj", "{868E196A-966E-4FEA-B7BD-1EC5EEAE7051}"
EndProject
Global
	GlobalSection(SolutionConfigurationPlatforms) = preSolution
		Debug|Any CPU = Debug|Any CPU
		Release|Any CPU = Release|Any CPU
	EndGlobalSection
	GlobalSection(ProjectConfigurationPlatforms) = postSolution
		{868E196A-966E-4FEA-B7BD-1EC5EEAE7051}.Debug|Any CPU.ActiveCfg = Debug|Any CPU
		{868E196A-966E-4FEA-B7BD-1EC5EEAE7051}.Debug|Any CPU.Build.0 = Debug|Any CPU
		{868E196A-966E-4FEA-B7BD-1EC5EEAE7051}.Release|Any CPU.ActiveCfg = Release|Any CPU
		{868E196A-966E-4FEA-B7BD-1EC5EEAE7051}.Release|Any CPU.Build.0 = Release|Any CPU
	EndGlobalSection
	GlobalSection(SolutionProperties) = preSolution
		HideSolutionNode = FALSE
	EndGlobalSection
	GlobalSection(ExtensibilityGlobals) = postSolution
		SolutionGuid = {07022480-0B27-48B0-89B4-CCF91FDBE1BA}
	EndGlobalSection
EndGlobal
